// !$*UTF8*$!
{
	archiveVersion = 1;
	classes = {
	};
	objectVersion = 46;
	objects = {

/* Begin PBXBuildFile section */
		158454361EE5C1A700135965 /* AppDelegate.swift in Sources */ = {isa = PBXBuildFile; fileRef = 158454351EE5C1A700135965 /* AppDelegate.swift */; };
		158454381EE5C1A700135965 /* ViewController.swift in Sources */ = {isa = PBXBuildFile; fileRef = 158454371EE5C1A700135965 /* ViewController.swift */; };
		1584543B1EE5C1A700135965 /* Main.storyboard in Resources */ = {isa = PBXBuildFile; fileRef = 158454391EE5C1A700135965 /* Main.storyboard */; };
		1584543E1EE5C1A700135965 /* Hello_World.xcdatamodeld in Sources */ = {isa = PBXBuildFile; fileRef = 1584543C1EE5C1A700135965 /* Hello_World.xcdatamodeld */; };
		158454401EE5C1A700135965 /* Assets.xcassets in Resources */ = {isa = PBXBuildFile; fileRef = 1584543F1EE5C1A700135965 /* Assets.xcassets */; };
		158454431EE5C1A700135965 /* LaunchScreen.storyboard in Resources */ = {isa = PBXBuildFile; fileRef = 158454411EE5C1A700135965 /* LaunchScreen.storyboard */; };
		1584544E1EE5C1A700135965 /* Hello_WorldTests.swift in Sources */ = {isa = PBXBuildFile; fileRef = 1584544D1EE5C1A700135965 /* Hello_WorldTests.swift */; };
		158454591EE5C1A800135965 /* Hello_WorldUITests.swift in Sources */ = {isa = PBXBuildFile; fileRef = 158454581EE5C1A800135965 /* Hello_WorldUITests.swift */; };
/* End PBXBuildFile section */

/* Begin PBXContainerItemProxy section */
		1584544A1EE5C1A700135965 /* PBXContainerItemProxy */ = {
			isa = PBXContainerItemProxy;
			containerPortal = 1584542A1EE5C1A700135965 /* Project object */;
			proxyType = 1;
			remoteGlobalIDString = 158454311EE5C1A700135965;
			remoteInfo = "Hello World";
		};
		158454551EE5C1A800135965 /* PBXContainerItemProxy */ = {
			isa = PBXContainerItemProxy;
			containerPortal = 1584542A1EE5C1A700135965 /* Project object */;
			proxyType = 1;
			remoteGlobalIDString = 158454311EE5C1A700135965;
			remoteInfo = "Hello World";
		};
/* End PBXContainerItemProxy section */

/* Begin PBXFileReference section */
		158454321EE5C1A700135965 /* Hello World.app */ = {isa = PBXFileReference; explicitFileType = wrapper.application; includeInIndex = 0; path = "Hello World.app"; sourceTree = BUILT_PRODUCTS_DIR; };
		158454351EE5C1A700135965 /* AppDelegate.swift */ = {isa = PBXFileReference; lastKnownFileType = sourcecode.swift; path = AppDelegate.swift; sourceTree = "<group>"; };
		158454371EE5C1A700135965 /* ViewController.swift */ = {isa = PBXFileReference; lastKnownFileType = sourcecode.swift; path = ViewController.swift; sourceTree = "<group>"; };
		1584543A1EE5C1A700135965 /* Base */ = {isa = PBXFileReference; lastKnownFileType = file.storyboard; name = Base; path = Base.lproj/Main.storyboard; sourceTree = "<group>"; };
		1584543D1EE5C1A700135965 /* Hello_World.xcdatamodel */ = {isa = PBXFileReference; lastKnownFileType = wrapper.xcdatamodel; path = Hello_World.xcdatamodel; sourceTree = "<group>"; };
		1584543F1EE5C1A700135965 /* Assets.xcassets */ = {isa = PBXFileReference; lastKnownFileType = folder.assetcatalog; path = Assets.xcassets; sourceTree = "<group>"; };
		158454421EE5C1A700135965 /* Base */ = {isa = PBXFileReference; lastKnownFileType = file.storyboard; name = Base; path = Base.lproj/LaunchScreen.storyboard; sourceTree = "<group>"; };
		158454441EE5C1A700135965 /* Info.plist */ = {isa = PBXFileReference; lastKnownFileType = text.plist.xml; path = Info.plist; sourceTree = "<group>"; };
		158454491EE5C1A700135965 /* Hello WorldTests.xctest */ = {isa = PBXFileReference; explicitFileType = wrapper.cfbundle; includeInIndex = 0; path = "Hello WorldTests.xctest"; sourceTree = BUILT_PRODUCTS_DIR; };
		1584544D1EE5C1A700135965 /* Hello_WorldTests.swift */ = {isa = PBXFileReference; lastKnownFileType = sourcecode.swift; path = Hello_WorldTests.swift; sourceTree = "<group>"; };
		1584544F1EE5C1A700135965 /* Info.plist */ = {isa = PBXFileReference; lastKnownFileType = text.plist.xml; path = Info.plist; sourceTree = "<group>"; };
		158454541EE5C1A800135965 /* Hello WorldUITests.xctest */ = {isa = PBXFileReference; explicitFileType = wrapper.cfbundle; includeInIndex = 0; path = "Hello WorldUITests.xctest"; sourceTree = BUILT_PRODUCTS_DIR; };
		158454581EE5C1A800135965 /* Hello_WorldUITests.swift */ = {isa = PBXFileReference; lastKnownFileType = sourcecode.swift; path = Hello_WorldUITests.swift; sourceTree = "<group>"; };
		1584545A1EE5C1A800135965 /* Info.plist */ = {isa = PBXFileReference; lastKnownFileType = text.plist.xml; path = Info.plist; sourceTree = "<group>"; };
/* End PBXFileReference section */

/* Begin PBXFrameworksBuildPhase section */
		1584542F1EE5C1A700135965 /* Frameworks */ = {
			isa = PBXFrameworksBuildPhase;
			buildActionMask = 2147483647;
			files = (
			);
			runOnlyForDeploymentPostprocessing = 0;
		};
		158454461EE5C1A700135965 /* Frameworks */ = {
			isa = PBXFrameworksBuildPhase;
			buildActionMask = 2147483647;
			files = (
			);
			runOnlyForDeploymentPostprocessing = 0;
		};
		158454511EE5C1A800135965 /* Frameworks */ = {
			isa = PBXFrameworksBuildPhase;
			buildActionMask = 2147483647;
			files = (
			);
			runOnlyForDeploymentPostprocessing = 0;
		};
/* End PBXFrameworksBuildPhase section */

/* Begin PBXGroup section */
		158454291EE5C1A700135965 = {
			isa = PBXGroup;
			children = (
				158454341EE5C1A700135965 /* Hello World */,
				1584544C1EE5C1A700135965 /* Hello WorldTests */,
				158454571EE5C1A800135965 /* Hello WorldUITests */,
				158454331EE5C1A700135965 /* Products */,
			);
			sourceTree = "<group>";
		};
		158454331EE5C1A700135965 /* Products */ = {
			isa = PBXGroup;
			children = (
				158454321EE5C1A700135965 /* Hello World.app */,
				158454491EE5C1A700135965 /* Hello WorldTests.xctest */,
				158454541EE5C1A800135965 /* Hello WorldUITests.xctest */,
			);
			name = Products;
			sourceTree = "<group>";
		};
		158454341EE5C1A700135965 /* Hello World */ = {
			isa = PBXGroup;
			children = (
				158454351EE5C1A700135965 /* AppDelegate.swift */,
				158454371EE5C1A700135965 /* ViewController.swift */,
				158454391EE5C1A700135965 /* Main.storyboard */,
				1584543F1EE5C1A700135965 /* Assets.xcassets */,
				158454411EE5C1A700135965 /* LaunchScreen.storyboard */,
				158454441EE5C1A700135965 /* Info.plist */,
				1584543C1EE5C1A700135965 /* Hello_World.xcdatamodeld */,
			);
			path = "Hello World";
			sourceTree = "<group>";
		};
		1584544C1EE5C1A700135965 /* Hello WorldTests */ = {
			isa = PBXGroup;
			children = (
				1584544D1EE5C1A700135965 /* Hello_WorldTests.swift */,
				1584544F1EE5C1A700135965 /* Info.plist */,
			);
			path = "Hello WorldTests";
			sourceTree = "<group>";
		};
		158454571EE5C1A800135965 /* Hello WorldUITests */ = {
			isa = PBXGroup;
			children = (
				158454581EE5C1A800135965 /* Hello_WorldUITests.swift */,
				1584545A1EE5C1A800135965 /* Info.plist */,
			);
			path = "Hello WorldUITests";
			sourceTree = "<group>";
		};
/* End PBXGroup section */

/* Begin PBXNativeTarget section */
		158454311EE5C1A700135965 /* Hello World */ = {
			isa = PBXNativeTarget;
			buildConfigurationList = 1584545D1EE5C1A800135965 /* Build configuration list for PBXNativeTarget "Hello World" */;
			buildPhases = (
				1584542E1EE5C1A700135965 /* Sources */,
				1584542F1EE5C1A700135965 /* Frameworks */,
				158454301EE5C1A700135965 /* Resources */,
			);
			buildRules = (
			);
			dependencies = (
			);
			name = "Hello World";
			productName = "Hello World";
			productReference = 158454321EE5C1A700135965 /* Hello World.app */;
			productType = "com.apple.product-type.application";
		};
		158454481EE5C1A700135965 /* Hello WorldTests */ = {
			isa = PBXNativeTarget;
			buildConfigurationList = 158454601EE5C1A800135965 /* Build configuration list for PBXNativeTarget "Hello WorldTests" */;
			buildPhases = (
				158454451EE5C1A700135965 /* Sources */,
				158454461EE5C1A700135965 /* Frameworks */,
				158454471EE5C1A700135965 /* Resources */,
			);
			buildRules = (
			);
			dependencies = (
				1584544B1EE5C1A700135965 /* PBXTargetDependency */,
			);
			name = "Hello WorldTests";
			productName = "Hello WorldTests";
			productReference = 158454491EE5C1A700135965 /* Hello WorldTests.xctest */;
			productType = "com.apple.product-type.bundle.unit-test";
		};
		158454531EE5C1A800135965 /* Hello WorldUITests */ = {
			isa = PBXNativeTarget;
			buildConfigurationList = 158454631EE5C1A800135965 /* Build configuration list for PBXNativeTarget "Hello WorldUITests" */;
			buildPhases = (
				158454501EE5C1A800135965 /* Sources */,
				158454511EE5C1A800135965 /* Frameworks */,
				158454521EE5C1A800135965 /* Resources */,
			);
			buildRules = (
			);
			dependencies = (
				158454561EE5C1A800135965 /* PBXTargetDependency */,
			);
			name = "Hello WorldUITests";
			productName = "Hello WorldUITests";
			productReference = 158454541EE5C1A800135965 /* Hello WorldUITests.xctest */;
			productType = "com.apple.product-type.bundle.ui-testing";
		};
/* End PBXNativeTarget section */

/* Begin PBXProject section */
		1584542A1EE5C1A700135965 /* Project object */ = {
			isa = PBXProject;
			attributes = {
				LastSwiftUpdateCheck = 0830;
				LastUpgradeCheck = 0830;
				ORGANIZATIONNAME = "Jamie Flores";
				TargetAttributes = {
					158454311EE5C1A700135965 = {
						CreatedOnToolsVersion = 8.3.2;
						ProvisioningStyle = Automatic;
					};
					158454481EE5C1A700135965 = {
						CreatedOnToolsVersion = 8.3.2;
						ProvisioningStyle = Automatic;
						TestTargetID = 158454311EE5C1A700135965;
					};
					158454531EE5C1A800135965 = {
						CreatedOnToolsVersion = 8.3.2;
						ProvisioningStyle = Automatic;
						TestTargetID = 158454311EE5C1A700135965;
					};
				};
			};
			buildConfigurationList = 1584542D1EE5C1A700135965 /* Build configuration list for PBXProject "Hello World" */;
			compatibilityVersion = "Xcode 3.2";
			developmentRegion = English;
			hasScannedForEncodings = 0;
			knownRegions = (
				en,
				Base,
			);
			mainGroup = 158454291EE5C1A700135965;
			productRefGroup = 158454331EE5C1A700135965 /* Products */;
			projectDirPath = "";
			projectRoot = "";
			targets = (
				158454311EE5C1A700135965 /* Hello World */,
				158454481EE5C1A700135965 /* Hello WorldTests */,
				158454531EE5C1A800135965 /* Hello WorldUITests */,
			);
		};
/* End PBXProject section */

/* Begin PBXResourcesBuildPhase section */
		158454301EE5C1A700135965 /* Resources */ = {
			isa = PBXResourcesBuildPhase;
			buildActionMask = 2147483647;
			files = (
				158454431EE5C1A700135965 /* LaunchScreen.storyboard in Resources */,
				158454401EE5C1A700135965 /* Assets.xcassets in Resources */,
				1584543B1EE5C1A700135965 /* Main.storyboard in Resources */,
			);
			runOnlyForDeploymentPostprocessing = 0;
		};
		158454471EE5C1A700135965 /* Resources */ = {
			isa = PBXResourcesBuildPhase;
			buildActionMask = 2147483647;
			files = (
			);
			runOnlyForDeploymentPostprocessing = 0;
		};
		158454521EE5C1A800135965 /* Resources */ = {
			isa = PBXResourcesBuildPhase;
			buildActionMask = 2147483647;
			files = (
			);
			runOnlyForDeploymentPostprocessing = 0;
		};
/* End PBXResourcesBuildPhase section */

/* Begin PBXSourcesBuildPhase section */
		1584542E1EE5C1A700135965 /* Sources */ = {
			isa = PBXSourcesBuildPhase;
			buildActionMask = 2147483647;
			files = (
				1584543E1EE5C1A700135965 /* Hello_World.xcdatamodeld in Sources */,
				158454381EE5C1A700135965 /* ViewController.swift in Sources */,
				158454361EE5C1A700135965 /* AppDelegate.swift in Sources */,
			);
			runOnlyForDeploymentPostprocessing = 0;
		};
		158454451EE5C1A700135965 /* Sources */ = {
			isa = PBXSourcesBuildPhase;
			buildActionMask = 2147483647;
			files = (
				1584544E1EE5C1A700135965 /* Hello_WorldTests.swift in Sources */,
			);
			runOnlyForDeploymentPostprocessing = 0;
		};
		158454501EE5C1A800135965 /* Sources */ = {
			isa = PBXSourcesBuildPhase;
			buildActionMask = 2147483647;
			files = (
				158454591EE5C1A800135965 /* Hello_WorldUITests.swift in Sources */,
			);
			runOnlyForDeploymentPostprocessing = 0;
		};
/* End PBXSourcesBuildPhase section */

/* Begin PBXTargetDependency section */
		1584544B1EE5C1A700135965 /* PBXTargetDependency */ = {
			isa = PBXTargetDependency;
			target = 158454311EE5C1A700135965 /* Hello World */;
			targetProxy = 1584544A1EE5C1A700135965 /* PBXContainerItemProxy */;
		};
		158454561EE5C1A800135965 /* PBXTargetDependency */ = {
			isa = PBXTargetDependency;
			target = 158454311EE5C1A700135965 /* Hello World */;
			targetProxy = 158454551EE5C1A800135965 /* PBXContainerItemProxy */;
		};
/* End PBXTargetDependency section */

/* Begin PBXVariantGroup section */
		158454391EE5C1A700135965 /* Main.storyboard */ = {
			isa = PBXVariantGroup;
			children = (
				1584543A1EE5C1A700135965 /* Base */,
			);
			name = Main.storyboard;
			sourceTree = "<group>";
		};
		158454411EE5C1A700135965 /* LaunchScreen.storyboard */ = {
			isa = PBXVariantGroup;
			children = (
				158454421EE5C1A700135965 /* Base */,
			);
			name = LaunchScreen.storyboard;
			sourceTree = "<group>";
		};
/* End PBXVariantGroup section */

/* Begin XCBuildConfiguration section */
		1584545B1EE5C1A800135965 /* Debug */ = {
			isa = XCBuildConfiguration;
			buildSettings = {
				ALWAYS_SEARCH_USER_PATHS = NO;
				CLANG_ANALYZER_NONNULL = YES;
				CLANG_ANALYZER_NUMBER_OBJECT_CONVERSION = YES_AGGRESSIVE;
				CLANG_CXX_LANGUAGE_STANDARD = "gnu++0x";
				CLANG_CXX_LIBRARY = "libc++";
				CLANG_ENABLE_MODULES = YES;
				CLANG_ENABLE_OBJC_ARC = YES;
				CLANG_WARN_BOOL_CONVERSION = YES;
				CLANG_WARN_CONSTANT_CONVERSION = YES;
				CLANG_WARN_DIRECT_OBJC_ISA_USAGE = YES_ERROR;
				CLANG_WARN_DOCUMENTATION_COMMENTS = YES;
				CLANG_WARN_EMPTY_BODY = YES;
				CLANG_WARN_ENUM_CONVERSION = YES;
				CLANG_WARN_INFINITE_RECURSION = YES;
				CLANG_WARN_INT_CONVERSION = YES;
				CLANG_WARN_OBJC_ROOT_CLASS = YES_ERROR;
				CLANG_WARN_SUSPICIOUS_MOVE = YES;
				CLANG_WARN_UNREACHABLE_CODE = YES;
				CLANG_WARN__DUPLICATE_METHOD_MATCH = YES;
				"CODE_SIGN_IDENTITY[sdk=iphoneos*]" = "iPhone Developer";
				COPY_PHASE_STRIP = NO;
				DEBUG_INFORMATION_FORMAT = dwarf;
				ENABLE_STRICT_OBJC_MSGSEND = YES;
				ENABLE_TESTABILITY = YES;
				GCC_C_LANGUAGE_STANDARD = gnu99;
				GCC_DYNAMIC_NO_PIC = NO;
				GCC_NO_COMMON_BLOCKS = YES;
				GCC_OPTIMIZATION_LEVEL = 0;
				GCC_PREPROCESSOR_DEFINITIONS = (
					"DEBUG=1",
					"$(inherited)",
				);
				GCC_WARN_64_TO_32_BIT_CONVERSION = YES;
				GCC_WARN_ABOUT_RETURN_TYPE = YES_ERROR;
				GCC_WARN_UNDECLARED_SELECTOR = YES;
				GCC_WARN_UNINITIALIZED_AUTOS = YES_AGGRESSIVE;
				GCC_WARN_UNUSED_FUNCTION = YES;
				GCC_WARN_UNUSED_VARIABLE = YES;
				IPHONEOS_DEPLOYMENT_TARGET = 10.3;
				MTL_ENABLE_DEBUG_INFO = YES;
				ONLY_ACTIVE_ARCH = YES;
				SDKROOT = iphoneos;
				SWIFT_ACTIVE_COMPILATION_CONDITIONS = DEBUG;
				SWIFT_OPTIMIZATION_LEVEL = "-Onone";
				TARGETED_DEVICE_FAMILY = "1,2";
			};
			name = Debug;
		};
		1584545C1EE5C1A800135965 /* Release */ = {
			isa = XCBuildConfiguration;
			buildSettings = {
				ALWAYS_SEARCH_USER_PATHS = NO;
				CLANG_ANALYZER_NONNULL = YES;
				CLANG_ANALYZER_NUMBER_OBJECT_CONVERSION = YES_AGGRESSIVE;
				CLANG_CXX_LANGUAGE_STANDARD = "gnu++0x";
				CLANG_CXX_LIBRARY = "libc++";
				CLANG_ENABLE_MODULES = YES;
				CLANG_ENABLE_OBJC_ARC = YES;
				CLANG_WARN_BOOL_CONVERSION = YES;
				CLANG_WARN_CONSTANT_CONVERSION = YES;
				CLANG_WARN_DIRECT_OBJC_ISA_USAGE = YES_ERROR;
				CLANG_WARN_DOCUMENTATION_COMMENTS = YES;
				CLANG_WARN_EMPTY_BODY = YES;
				CLANG_WARN_ENUM_CONVERSION = YES;
				CLANG_WARN_INFINITE_RECURSION = YES;
				CLANG_WARN_INT_CONVERSION = YES;
				CLANG_WARN_OBJC_ROOT_CLASS = YES_ERROR;
				CLANG_WARN_SUSPICIOUS_MOVE = YES;
				CLANG_WARN_UNREACHABLE_CODE = YES;
				CLANG_WARN__DUPLICATE_METHOD_MATCH = YES;
				"CODE_SIGN_IDENTITY[sdk=iphoneos*]" = "iPhone Developer";
				COPY_PHASE_STRIP = NO;
				DEBUG_INFORMATION_FORMAT = "dwarf-with-dsym";
				ENABLE_NS_ASSERTIONS = NO;
				ENABLE_STRICT_OBJC_MSGSEND = YES;
				GCC_C_LANGUAGE_STANDARD = gnu99;
				GCC_NO_COMMON_BLOCKS = YES;
				GCC_WARN_64_TO_32_BIT_CONVERSION = YES;
				GCC_WARN_ABOUT_RETURN_TYPE = YES_ERROR;
				GCC_WARN_UNDECLARED_SELECTOR = YES;
				GCC_WARN_UNINITIALIZED_AUTOS = YES_AGGRESSIVE;
				GCC_WARN_UNUSED_FUNCTION = YES;
				GCC_WARN_UNUSED_VARIABLE = YES;
				IPHONEOS_DEPLOYMENT_TARGET = 10.3;
				MTL_ENABLE_DEBUG_INFO = NO;
				SDKROOT = iphoneos;
				SWIFT_OPTIMIZATION_LEVEL = "-Owholemodule";
				TARGETED_DEVICE_FAMILY = "1,2";
				VALIDATE_PRODUCT = YES;
			};
			name = Release;
		};
		1584545E1EE5C1A800135965 /* Debug */ = {
			isa = XCBuildConfiguration;
			buildSettings = {
				ASSETCATALOG_COMPILER_APPICON_NAME = AppIcon;
				INFOPLIST_FILE = "Hello World/Info.plist";
				LD_RUNPATH_SEARCH_PATHS = "$(inherited) @executable_path/Frameworks";
				PRODUCT_BUNDLE_IDENTIFIER = "edu.missouri.Hello-World";
				PRODUCT_NAME = "$(TARGET_NAME)";
				SWIFT_VERSION = 3.0;
			};
			name = Debug;
		};
		1584545F1EE5C1A800135965 /* Release */ = {
			isa = XCBuildConfiguration;
			buildSettings = {
				ASSETCATALOG_COMPILER_APPICON_NAME = AppIcon;
				INFOPLIST_FILE = "Hello World/Info.plist";
				LD_RUNPATH_SEARCH_PATHS = "$(inherited) @executable_path/Frameworks";
				PRODUCT_BUNDLE_IDENTIFIER = "edu.missouri.Hello-World";
				PRODUCT_NAME = "$(TARGET_NAME)";
				SWIFT_VERSION = 3.0;
			};
			name = Release;
		};
		158454611EE5C1A800135965 /* Debug */ = {
			isa = XCBuildConfiguration;
			buildSettings = {
				ALWAYS_EMBED_SWIFT_STANDARD_LIBRARIES = YES;
				BUNDLE_LOADER = "$(TEST_HOST)";
				INFOPLIST_FILE = "Hello WorldTests/Info.plist";
				LD_RUNPATH_SEARCH_PATHS = "$(inherited) @executable_path/Frameworks @loader_path/Frameworks";
				PRODUCT_BUNDLE_IDENTIFIER = "edu.missouri.Hello-WorldTests";
				PRODUCT_NAME = "$(TARGET_NAME)";
				SWIFT_VERSION = 3.0;
				TEST_HOST = "$(BUILT_PRODUCTS_DIR)/Hello World.app/Hello World";
			};
			name = Debug;
		};
		158454621EE5C1A800135965 /* Release */ = {
			isa = XCBuildConfiguration;
			buildSettings = {
				ALWAYS_EMBED_SWIFT_STANDARD_LIBRARIES = YES;
				BUNDLE_LOADER = "$(TEST_HOST)";
				INFOPLIST_FILE = "Hello WorldTests/Info.plist";
				LD_RUNPATH_SEARCH_PATHS = "$(inherited) @executable_path/Frameworks @loader_path/Frameworks";
				PRODUCT_BUNDLE_IDENTIFIER = "edu.missouri.Hello-WorldTests";
				PRODUCT_NAME = "$(TARGET_NAME)";
				SWIFT_VERSION = 3.0;
				TEST_HOST = "$(BUILT_PRODUCTS_DIR)/Hello World.app/Hello World";
			};
			name = Release;
		};
		158454641EE5C1A800135965 /* Debug */ = {
			isa = XCBuildConfiguration;
			buildSettings = {
				ALWAYS_EMBED_SWIFT_STANDARD_LIBRARIES = YES;
				INFOPLIST_FILE = "Hello WorldUITests/Info.plist";
				LD_RUNPATH_SEARCH_PATHS = "$(inherited) @executable_path/Frameworks @loader_path/Frameworks";
				PRODUCT_BUNDLE_IDENTIFIER = "edu.missouri.Hello-WorldUITests";
				PRODUCT_NAME = "$(TARGET_NAME)";
				SWIFT_VERSION = 3.0;
				TEST_TARGET_NAME = "Hello World";
			};
			name = Debug;
		};
		158454651EE5C1A800135965 /* Release */ = {
			isa = XCBuildConfiguration;
			buildSettings = {
				ALWAYS_EMBED_SWIFT_STANDARD_LIBRARIES = YES;
				INFOPLIST_FILE = "Hello WorldUITests/Info.plist";
				LD_RUNPATH_SEARCH_PATHS = "$(inherited) @executable_path/Frameworks @loader_path/Frameworks";
				PRODUCT_BUNDLE_IDENTIFIER = "edu.missouri.Hello-WorldUITests";
				PRODUCT_NAME = "$(TARGET_NAME)";
				SWIFT_VERSION = 3.0;
				TEST_TARGET_NAME = "Hello World";
			};
			name = Release;
		};
/* End XCBuildConfiguration section */

/* Begin XCConfigurationList section */
		1584542D1EE5C1A700135965 /* Build configuration list for PBXProject "Hello World" */ = {
			isa = XCConfigurationList;
			buildConfigurations = (
				1584545B1EE5C1A800135965 /* Debug */,
				1584545C1EE5C1A800135965 /* Release */,
			);
			defaultConfigurationIsVisible = 0;
			defaultConfigurationName = Release;
		};
		1584545D1EE5C1A800135965 /* Build configuration list for PBXNativeTarget "Hello World" */ = {
			isa = XCConfigurationList;
			buildConfigurations = (
				1584545E1EE5C1A800135965 /* Debug */,
				1584545F1EE5C1A800135965 /* Release */,
			);
			defaultConfigurationIsVisible = 0;
		};
		158454601EE5C1A800135965 /* Build configuration list for PBXNativeTarget "Hello WorldTests" */ = {
			isa = XCConfigurationList;
			buildConfigurations = (
				158454611EE5C1A800135965 /* Debug */,
				158454621EE5C1A800135965 /* Release */,
			);
			defaultConfigurationIsVisible = 0;
		};
		158454631EE5C1A800135965 /* Build configuration list for PBXNativeTarget "Hello WorldUITests" */ = {
			isa = XCConfigurationList;
			buildConfigurations = (
				158454641EE5C1A800135965 /* Debug */,
				158454651EE5C1A800135965 /* Release */,
			);
			defaultConfigurationIsVisible = 0;
		};
/* End XCConfigurationList section */

/* Begin XCVersionGroup section */
		1584543C1EE5C1A700135965 /* Hello_World.xcdatamodeld */ = {
			isa = XCVersionGroup;
			children = (
				1584543D1EE5C1A700135965 /* Hello_World.xcdatamodel */,
			);
			currentVersion = 1584543D1EE5C1A700135965 /* Hello_World.xcdatamodel */;
			path = Hello_World.xcdatamodeld;
			sourceTree = "<group>";
			versionGroupType = wrapper.xcdatamodel;
		};
/* End XCVersionGroup section */
	};
	rootObject = 1584542A1EE5C1A700135965 /* Project object */;
}
